
Microsoft Visual Studio Solution File, Format Version 12.00
# Visual Studio Version 17
VisualStudioVersion = 17.9.34728.123
MinimumVisualStudioVersion = 10.0.40219.1
Project("{FAE04EC0-301F-11D3-BF4B-00C04F79EFBC}") = "backend", "backend\backend.csproj", "{05527C18-B055-458F-A826-3468BED433EB}"
EndProject
Global
	GlobalSection(SolutionConfigurationPlatforms) = preSolution
		Debug|Any CPU = Debug|Any CPU
		Release|Any CPU = Release|Any CPU
	EndGlobalSection
	GlobalSection(ProjectConfigurationPlatforms) = postSolution
		{05527C18-B055-458F-A826-3468BED433EB}.Debug|Any CPU.ActiveCfg = Debug|Any CPU
		{05527C18-B055-458F-A826-3468BED433EB}.Debug|Any CPU.Build.0 = Debug|Any CPU
		{05527C18-B055-458F-A826-3468BED433EB}.Release|Any CPU.ActiveCfg = Release|Any CPU
		{05527C18-B055-458F-A826-3468BED433EB}.Release|Any CPU.Build.0 = Release|Any CPU
	EndGlobalSection
	GlobalSection(SolutionProperties) = preSolution
		HideSolutionNode = FALSE
	EndGlobalSection
	GlobalSection(ExtensibilityGlobals) = postSolution
		SolutionGuid = {E884786C-00D4-432F-A23A-1D96D2B2A165}
	EndGlobalSection
EndGlobal
